{
  "nodes": {
    "agent-notes": {
      "inputs": {
        "nixpkgs": [
          "nixpkgs"
        ]
      },
      "locked": {
        "lastModified": 1788990079,
        "narHash": "sha256-2JvS2l4n1T4mf4m7jNITyk9Me8LYCRSn6s/kjaPMep0=",
        "owner": "roshbhatia",
        "repo": "agent-notes",
        "rev": "7ce22015716e2b8a6c6148852cb8222f50bac842",
        "type": "github"
      },
      "original": {
        "owner": "roshbhatia",
        "repo": "agent-notes",
        "type": "github"
      }
    },
    "changes": {
      "inputs": {
        "nixpkgs": [
          "nixpkgs"
        ],
        "provider-spec": "provider-spec",
        "systems": "systems"
      },
      "locked": {
        "lastModified": 1789155456,
        "narHash": "sha256-iwoqmwUpZ3C9e7YUQ05MXq97x9QMrdI8nBomuJ64S10=",
        "owner": "roshbhatia",
        "repo": "changes",
        "rev": "4062e38661501a05ca99f54e6a5e325cd6c8b74b",
        "type": "github"
      },
      "original": {
        "owner": "roshbhatia",
        "repo": "changes",
        "type": "github"
      }
    },
    "nixpkgs": {
      "locked": {
        "lastModified": 1789073787,
        "narHash": "sha256-xfX/toC2QV707s06GbP4II/TxYF0fNQj7s5/LClNDKc=",
        "owner": "NixOS",
        "repo": "nixpkgs",
        "rev": "aff8a0b28396750446e5537a96461bc4facdb287",
        "type": "github"
      },
      "original": {
        "owner": "NixOS",
        "ref": "nixpkgs-unstable",
        "repo": "nixpkgs",
        "type": "github"
      }
    },
    "provider-spec": {
      "flake": false,
      "locked": {
        "lastModified": 1788907976,
        "narHash": "sha256-o0eerxlZdatjXkv1DB5WtXD15u0e00I3R9gtxIjnj5M=",
        "owner": "roshbhatia",
        "repo": "provider-spec",
        "rev": "7a141d5bce35a4f65cdc08b10e575932b45d2707",
        "type": "github"
      },
      "original": {
        "owner": "roshbhatia",
        "ref": "v1.0.0",
        "repo": "provider-spec",
        "type": "github"
      }
    },
    "root": {
      "inputs": {
        "agent-notes": "agent-notes",
        "changes": "changes",
        "nixpkgs": "nixpkgs"
      }
    },
    "systems": {
      "locked": {
        "lastModified": 1681028828,
        "narHash": "sha256-Vy1rq5AaRuLzOxct8nz4T6wlgyUR7zLU309k9mBC768=",
        "owner": "nix-systems",
        "repo": "default",
        "rev": "da67096a3b9bf56a91d16901293e51ba5b49a27e",
        "type": "github"
      },
      "original": {
        "owner": "nix-systems",
        "repo": "default",
        "type": "github"
      }
    }
  },
  "root": "root",
  "version": 7
}
